{
  "version": "4",
  "specifiers": {
    "jsr:@cliffy/command@^1.0.0-rc.7": "1.0.0-rc.7",
    "jsr:@cliffy/flags@1.0.0-rc.7": "1.0.0-rc.7",
    "jsr:@cliffy/internal@1.0.0-rc.7": "1.0.0-rc.7",
    "jsr:@cliffy/table@1.0.0-rc.7": "1.0.0-rc.7",
    "jsr:@std/assert@1": "1.0.12",
    "jsr:@std/fmt@~1.0.2": "1.0.6",
    "jsr:@std/internal@^1.0.6": "1.0.6",
    "jsr:@std/text@~1.0.7": "1.0.12",
    "npm:@inquirer/prompts@^7.4.0": "7.4.0",
    "npm:chalk@^5.4.1": "5.4.1",
    "npm:cheerio@1": "1.0.0"
  },
  "jsr": {
    "@cliffy/command@1.0.0-rc.7": {
      "integrity": "1288808d7a3cd18b86c24c2f920e47a6d954b7e23cadc35c8cbd78f8be41f0cd",
      "dependencies": [
        "jsr:@cliffy/flags",
        "jsr:@cliffy/internal",
        "jsr:@cliffy/table",
        "jsr:@std/fmt",
        "jsr:@std/text"
      ]
    },
    "@cliffy/flags@1.0.0-rc.7": {
      "integrity": "318d9be98f6a6417b108e03dec427dea96cdd41a15beb21d2554ae6da450a781",
      "dependencies": [
        "jsr:@std/text"
      ]
    },
    "@cliffy/internal@1.0.0-rc.7": {
      "integrity": "10412636ab3e67517d448be9eaab1b70c88eba9be22617b5d146257a11cc9b17"
    },
    "@cliffy/table@1.0.0-rc.7": {
      "integrity": "9fdd9776eda28a0b397981c400eeb1aa36da2371b43eefe12e6ff555290e3180",
      "dependencies": [
        "jsr:@std/fmt"
      ]
    },
    "@std/assert@1.0.12": {
      "integrity": "08009f0926dda9cbd8bef3a35d3b6a4b964b0ab5c3e140a4e0351fbf34af5b9a",
      "dependencies": [
        "jsr:@std/internal"
      ]
    },
    "@std/fmt@1.0.6": {
      "integrity": "a2c56a69a2369876ddb3ad6a500bb6501b5bad47bb3ea16bfb0c18974d2661fc"
    },
    "@std/internal@1.0.6": {
      "integrity": "9533b128f230f73bd209408bb07a4b12f8d4255ab2a4d22a1fd6d87304aca9a4"
    },
    "@std/text@1.0.12": {
      "integrity": "921132a41e03a2363f76ee5afe83c90a6271596aa95c137494edcb3404a564a5"
    }
  },
  "npm": {
    "@inquirer/checkbox@4.1.4": {
      "integrity": "sha512-d30576EZdApjAMceijXA5jDzRQHT/MygbC+J8I7EqA6f/FRpYxlRtRJbHF8gHeWYeSdOuTEJqonn7QLB1ELezA==",
      "dependencies": [
        "@inquirer/core",
        "@inquirer/figures",
        "@inquirer/type",
        "ansi-escapes",
        "yoctocolors-cjs"
      ]
    },
    "@inquirer/confirm@5.1.8": {
      "integrity": "sha512-dNLWCYZvXDjO3rnQfk2iuJNL4Ivwz/T2+C3+WnNfJKsNGSuOs3wAo2F6e0p946gtSAk31nZMfW+MRmYaplPKsg==",
      "dependencies": [
        "@inquirer/core",
        "@inquirer/type"
      ]
    },
    "@inquirer/core@10.1.9": {
      "integrity": "sha512-sXhVB8n20NYkUBfDYgizGHlpRVaCRjtuzNZA6xpALIUbkgfd2Hjz+DfEN6+h1BRnuxw0/P4jCIMjMsEOAMwAJw==",
      "dependencies": [
        "@inquirer/figures",
        "@inquirer/type",
        "ansi-escapes",
        "cli-width",
        "mute-stream",
        "signal-exit",
        "wrap-ansi",
        "yoctocolors-cjs"
      ]
    },
    "@inquirer/editor@4.2.9": {
      "integrity": "sha512-8HjOppAxO7O4wV1ETUlJFg6NDjp/W2NP5FB9ZPAcinAlNT4ZIWOLe2pUVwmmPRSV0NMdI5r/+lflN55AwZOKSw==",
      "dependencies": [
        "@inquirer/core",
        "@inquirer/type",
        "external-editor"
      ]
    },
    "@inquirer/expand@4.0.11": {
      "integrity": "sha512-OZSUW4hFMW2TYvX/Sv+NnOZgO8CHT2TU1roUCUIF2T+wfw60XFRRp9MRUPCT06cRnKL+aemt2YmTWwt7rOrNEA==",
      "dependencies": [
        "@inquirer/core",
        "@inquirer/type",
        "yoctocolors-cjs"
      ]
    },
    "@inquirer/figures@1.0.11": {
      "integrity": "sha512-eOg92lvrn/aRUqbxRyvpEWnrvRuTYRifixHkYVpJiygTgVSBIHDqLh0SrMQXkafvULg3ck11V7xvR+zcgvpHFw=="
    },
    "@inquirer/input@4.1.8": {
      "integrity": "sha512-WXJI16oOZ3/LiENCAxe8joniNp8MQxF6Wi5V+EBbVA0ZIOpFcL4I9e7f7cXse0HJeIPCWO8Lcgnk98juItCi7Q==",
      "dependencies": [
        "@inquirer/core",
        "@inquirer/type"
      ]
    },
    "@inquirer/number@3.0.11": {
      "integrity": "sha512-pQK68CsKOgwvU2eA53AG/4npRTH2pvs/pZ2bFvzpBhrznh8Mcwt19c+nMO7LHRr3Vreu1KPhNBF3vQAKrjIulw==",
      "dependencies": [
        "@inquirer/core",
        "@inquirer/type"
      ]
    },
    "@inquirer/password@4.0.11": {
      "integrity": "sha512-dH6zLdv+HEv1nBs96Case6eppkRggMe8LoOTl30+Gq5Wf27AO/vHFgStTVz4aoevLdNXqwE23++IXGw4eiOXTg==",
      "dependencies": [
        "@inquirer/core",
        "@inquirer/type",
        "ansi-escapes"
      ]
    },
    "@inquirer/prompts@7.4.0": {
      "integrity": "sha512-EZiJidQOT4O5PYtqnu1JbF0clv36oW2CviR66c7ma4LsupmmQlUwmdReGKRp456OWPWMz3PdrPiYg3aCk3op2w==",
      "dependencies": [
        "@inquirer/checkbox",
        "@inquirer/confirm",
        "@inquirer/editor",
        "@inquirer/expand",
        "@inquirer/input",
        "@inquirer/number",
        "@inquirer/password",
        "@inquirer/rawlist",
        "@inquirer/search",
        "@inquirer/select"
      ]
    },
    "@inquirer/rawlist@4.0.11": {
      "integrity": "sha512-uAYtTx0IF/PqUAvsRrF3xvnxJV516wmR6YVONOmCWJbbt87HcDHLfL9wmBQFbNJRv5kCjdYKrZcavDkH3sVJPg==",
      "dependencies": [
        "@inquirer/core",
        "@inquirer/type",
        "yoctocolors-cjs"
      ]
    },
    "@inquirer/search@3.0.11": {
      "integrity": "sha512-9CWQT0ikYcg6Ls3TOa7jljsD7PgjcsYEM0bYE+Gkz+uoW9u8eaJCRHJKkucpRE5+xKtaaDbrND+nPDoxzjYyew==",
      "dependencies": [
        "@inquirer/core",
        "@inquirer/figures",
        "@inquirer/type",
        "yoctocolors-cjs"
      ]
    },
    "@inquirer/select@4.1.0": {
      "integrity": "sha512-z0a2fmgTSRN+YBuiK1ROfJ2Nvrpij5lVN3gPDkQGhavdvIVGHGW29LwYZfM/j42Ai2hUghTI/uoBuTbrJk42bA==",
      "dependencies": [
        "@inquirer/core",
        "@inquirer/figures",
        "@inquirer/type",
        "ansi-escapes",
        "yoctocolors-cjs"
      ]
    },
    "@inquirer/type@3.0.5": {
      "integrity": "sha512-ZJpeIYYueOz/i/ONzrfof8g89kNdO2hjGuvULROo3O8rlB2CRtSseE5KeirnyE4t/thAn/EwvS/vuQeJCn+NZg=="
    },
    "ansi-escapes@4.3.2": {
      "integrity": "sha512-gKXj5ALrKWQLsYG9jlTRmR/xKluxHV+Z9QEwNIgCfM1/uwPMCuzVVnh5mwTd+OuBZcwSIMbqssNWRm1lE51QaQ==",
      "dependencies": [
        "type-fest"
      ]
    },
    "ansi-regex@5.0.1": {
      "integrity": "sha512-quJQXlTSUGL2LH9SUXo8VwsY4soanhgo6LNSm84E1LBcE8s3O0wpdiRzyR9z/ZZJMlMWv37qOOb9pdJlMUEKFQ=="
    },
    "ansi-styles@4.3.0": {
      "integrity": "sha512-zbB9rCJAT1rbjiVDb2hqKFHNYLxgtk8NURxZ3IZwD3F6NtxbXZQCnnSi1Lkx+IDohdPlFp222wVALIheZJQSEg==",
      "dependencies": [
        "color-convert"
      ]
    },
    "boolbase@1.0.0": {
      "integrity": "sha512-JZOSA7Mo9sNGB8+UjSgzdLtokWAky1zbztM3WRLCbZ70/3cTANmQmOdR7y2g+J0e2WXywy1yS468tY+IruqEww=="
    },
    "chalk@5.4.1": {
      "integrity": "sha512-zgVZuo2WcZgfUEmsn6eO3kINexW8RAE4maiQ8QNs8CtpPCSyMiYsULR3HQYkm3w8FIA3SberyMJMSldGsW+U3w=="
    },
    "chardet@0.7.0": {
      "integrity": "sha512-mT8iDcrh03qDGRRmoA2hmBJnxpllMR+0/0qlzjqZES6NdiWDcZkCNAk4rPFZ9Q85r27unkiNNg8ZOiwZXBHwcA=="
    },
    "cheerio-select@2.1.0": {
      "integrity": "sha512-9v9kG0LvzrlcungtnJtpGNxY+fzECQKhK4EGJX2vByejiMX84MFNQw4UxPJl3bFbTMw+Dfs37XaIkCwTZfLh4g==",
      "dependencies": [
        "boolbase",
        "css-select",
        "css-what",
        "domelementtype",
        "domhandler",
        "domutils"
      ]
    },
    "cheerio@1.0.0": {
      "integrity": "sha512-quS9HgjQpdaXOvsZz82Oz7uxtXiy6UIsIQcpBj7HRw2M63Skasm9qlDocAM7jNuaxdhpPU7c4kJN+gA5MCu4ww==",
      "dependencies": [
        "cheerio-select",
        "dom-serializer",
        "domhandler",
        "domutils",
        "encoding-sniffer",
        "htmlparser2",
        "parse5",
        "parse5-htmlparser2-tree-adapter",
        "parse5-parser-stream",
        "undici",
        "whatwg-mimetype"
      ]
    },
    "cli-width@4.1.0": {
      "integrity": "sha512-ouuZd4/dm2Sw5Gmqy6bGyNNNe1qt9RpmxveLSO7KcgsTnU7RXfsw+/bukWGo1abgBiMAic068rclZsO4IWmmxQ=="
    },
    "color-convert@2.0.1": {
      "integrity": "sha512-RRECPsj7iu/xb5oKYcsFHSppFNnsj/52OVTRKb4zP5onXwVF3zVmmToNcOfGC+CRDpfK/U584fMg38ZHCaElKQ==",
      "dependencies": [
        "color-name"
      ]
    },
    "color-name@1.1.4": {
      "integrity": "sha512-dOy+3AuW3a2wNbZHIuMZpTcgjGuLU/uBL/ubcZF9OXbDo8ff4O8yVp5Bf0efS8uEoYo5q4Fx7dY9OgQGXgAsQA=="
    },
    "css-select@5.1.0": {
      "integrity": "sha512-nwoRF1rvRRnnCqqY7updORDsuqKzqYJ28+oSMaJMMgOauh3fvwHqMS7EZpIPqK8GL+g9mKxF1vP/ZjSeNjEVHg==",
      "dependencies": [
        "boolbase",
        "css-what",
        "domhandler",
        "domutils",
        "nth-check"
      ]
    },
    "css-what@6.1.0": {
      "integrity": "sha512-HTUrgRJ7r4dsZKU6GjmpfRK1O76h97Z8MfS1G0FozR+oF2kG6Vfe8JE6zwrkbxigziPHinCJ+gCPjA9EaBDtRw=="
    },
    "dom-serializer@2.0.0": {
      "integrity": "sha512-wIkAryiqt/nV5EQKqQpo3SToSOV9J0DnbJqwK7Wv/Trc92zIAYZ4FlMu+JPFW1DfGFt81ZTCGgDEabffXeLyJg==",
      "dependencies": [
        "domelementtype",
        "domhandler",
        "entities"
      ]
    },
    "domelementtype@2.3.0": {
      "integrity": "sha512-OLETBj6w0OsagBwdXnPdN0cnMfF9opN69co+7ZrbfPGrdpPVNBUj02spi6B1N7wChLQiPn4CSH/zJvXw56gmHw=="
    },
    "domhandler@5.0.3": {
      "integrity": "sha512-cgwlv/1iFQiFnU96XXgROh8xTeetsnJiDsTc7TYCLFd9+/WNkIqPTxiM/8pSd8VIrhXGTf1Ny1q1hquVqDJB5w==",
      "dependencies": [
        "domelementtype"
      ]
    },
    "domutils@3.2.2": {
      "integrity": "sha512-6kZKyUajlDuqlHKVX1w7gyslj9MPIXzIFiz/rGu35uC1wMi+kMhQwGhl4lt9unC9Vb9INnY9Z3/ZA3+FhASLaw==",
      "dependencies": [
        "dom-serializer",
        "domelementtype",
        "domhandler"
      ]
    },
    "emoji-regex@8.0.0": {
      "integrity": "sha512-MSjYzcWNOA0ewAHpz0MxpYFvwg6yjy1NG3xteoqz644VCo/RPgnr1/GGt+ic3iJTzQ8Eu3TdM14SawnVUmGE6A=="
    },
    "encoding-sniffer@0.2.0": {
      "integrity": "sha512-ju7Wq1kg04I3HtiYIOrUrdfdDvkyO9s5XM8QAj/bN61Yo/Vb4vgJxy5vi4Yxk01gWHbrofpPtpxM8bKger9jhg==",
      "dependencies": [
        "iconv-lite@0.6.3",
        "whatwg-encoding"
      ]
    },
    "entities@4.5.0": {
      "integrity": "sha512-V0hjH4dGPh9Ao5p0MoRY6BVqtwCjhz6vI5LT8AJ55H+4g9/4vbHx1I54fS0XuclLhDHArPQCiMjDxjaL8fPxhw=="
    },
    "external-editor@3.1.0": {
      "integrity": "sha512-hMQ4CX1p1izmuLYyZqLMO/qGNw10wSv9QDCPfzXfyFrOaCSSoRfqE1Kf1s5an66J5JZC62NewG+mK49jOCtQew==",
      "dependencies": [
        "chardet",
        "iconv-lite@0.4.24",
        "tmp"
      ]
    },
    "htmlparser2@9.1.0": {
      "integrity": "sha512-5zfg6mHUoaer/97TxnGpxmbR7zJtPwIYFMZ/H5ucTlPZhKvtum05yiPK3Mgai3a0DyVxv7qYqoweaEd2nrYQzQ==",
      "dependencies": [
        "domelementtype",
        "domhandler",
        "domutils",
        "entities"
      ]
    },
    "iconv-lite@0.4.24": {
      "integrity": "sha512-v3MXnZAcvnywkTUEZomIActle7RXXeedOR31wwl7VlyoXO4Qi9arvSenNQWne1TcRwhCL1HwLI21bEqdpj8/rA==",
      "dependencies": [
        "safer-buffer"
      ]
    },
    "iconv-lite@0.6.3": {
      "integrity": "sha512-4fCk79wshMdzMp2rH06qWrJE4iolqLhCUH+OiuIgU++RB0+94NlDL81atO7GX55uUKueo0txHNtvEyI6D7WdMw==",
      "dependencies": [
        "safer-buffer"
      ]
    },
    "is-fullwidth-code-point@3.0.0": {
      "integrity": "sha512-zymm5+u+sCsSWyD9qNaejV3DFvhCKclKdizYaJUuHA83RLjb7nSuGnddCHGv0hk+KY7BMAlsWeK4Ueg6EV6XQg=="
    },
    "mute-stream@2.0.0": {
      "integrity": "sha512-WWdIxpyjEn+FhQJQQv9aQAYlHoNVdzIzUySNV1gHUPDSdZJ3yZn7pAAbQcV7B56Mvu881q9FZV+0Vx2xC44VWA=="
    },
    "nth-check@2.1.1": {
      "integrity": "sha512-lqjrjmaOoAnWfMmBPL+XNnynZh2+swxiX3WUE0s4yEHI6m+AwrK2UZOimIRl3X/4QctVqS8AiZjFqyOGrMXb/w==",
      "dependencies": [
        "boolbase"
      ]
    },
    "os-tmpdir@1.0.2": {
      "integrity": "sha512-D2FR03Vir7FIu45XBY20mTb+/ZSWB00sjU9jdQXt83gDrI4Ztz5Fs7/yy74g2N5SVQY4xY1qDr4rNddwYRVX0g=="
    },
    "parse5-htmlparser2-tree-adapter@7.1.0": {
      "integrity": "sha512-ruw5xyKs6lrpo9x9rCZqZZnIUntICjQAd0Wsmp396Ul9lN/h+ifgVV1x1gZHi8euej6wTfpqX8j+BFQxF0NS/g==",
      "dependencies": [
        "domhandler",
        "parse5"
      ]
    },
    "parse5-parser-stream@7.1.2": {
      "integrity": "sha512-JyeQc9iwFLn5TbvvqACIF/VXG6abODeB3Fwmv/TGdLk2LfbWkaySGY72at4+Ty7EkPZj854u4CrICqNk2qIbow==",
      "dependencies": [
        "parse5"
      ]
    },
    "parse5@7.2.1": {
      "integrity": "sha512-BuBYQYlv1ckiPdQi/ohiivi9Sagc9JG+Ozs0r7b/0iK3sKmrb0b9FdWdBbOdx6hBCM/F9Ir82ofnBhtZOjCRPQ==",
      "dependencies": [
        "entities"
      ]
    },
    "safer-buffer@2.1.2": {
      "integrity": "sha512-YZo3K82SD7Riyi0E1EQPojLz7kpepnSQI9IyPbHHg1XXXevb5dJI7tpyN2ADxGcQbHG7vcyRHk0cbwqcQriUtg=="
    },
    "signal-exit@4.1.0": {
      "integrity": "sha512-bzyZ1e88w9O1iNJbKnOlvYTrWPDl46O1bG0D3XInv+9tkPrxrN8jUUTiFlDkkmKWgn1M6CfIA13SuGqOa9Korw=="
    },
    "string-width@4.2.3": {
      "integrity": "sha512-wKyQRQpjJ0sIp62ErSZdGsjMJWsap5oRNihHhu6G7JVO/9jIB6UyevL+tXuOqrng8j/cxKTWyWUwvSTriiZz/g==",
      "dependencies": [
        "emoji-regex",
        "is-fullwidth-code-point",
        "strip-ansi"
      ]
    },
    "strip-ansi@6.0.1": {
      "integrity": "sha512-Y38VPSHcqkFrCpFnQ9vuSXmquuv5oXOKpGeT6aGrr3o3Gc9AlVa6JBfUSOCnbxGGZF+/0ooI7KrPuUSztUdU5A==",
      "dependencies": [
        "ansi-regex"
      ]
    },
    "tmp@0.0.33": {
      "integrity": "sha512-jRCJlojKnZ3addtTOjdIqoRuPEKBvNXcGYqzO6zWZX8KfKEpnGY5jfggJQ3EjKuu8D4bJRr0y+cYJFmYbImXGw==",
      "dependencies": [
        "os-tmpdir"
      ]
    },
    "type-fest@0.21.3": {
      "integrity": "sha512-t0rzBq87m3fVcduHDUFhKmyyX+9eo6WQjZvf51Ea/M0Q7+T374Jp1aUiyUl0GKxp8M/OETVHSDvmkyPgvX+X2w=="
    },
    "undici@6.21.2": {
      "integrity": "sha512-uROZWze0R0itiAKVPsYhFov9LxrPMHLMEQFszeI2gCN6bnIIZ8twzBCJcN2LJrBBLfrP0t1FW0g+JmKVl8Vk1g=="
    },
    "whatwg-encoding@3.1.1": {
      "integrity": "sha512-6qN4hJdMwfYBtE3YBTTHhoeuUrDBPZmbQaxWAqSALV/MeEnR5z1xd8UKud2RAkFoPkmB+hli1TZSnyi84xz1vQ==",
      "dependencies": [
        "iconv-lite@0.6.3"
      ]
    },
    "whatwg-mimetype@4.0.0": {
      "integrity": "sha512-QaKxh0eNIi2mE9p2vEdzfagOKHCcj1pJ56EEHGQOVxp8r9/iszLUUV7v89x9O1p/T+NlTM5W7jW6+cz4Fq1YVg=="
    },
    "wrap-ansi@6.2.0": {
      "integrity": "sha512-r6lPcBGxZXlIcymEu7InxDMhdW0KDxpLgoFLcguasxCaJ/SOIZwINatK9KY/tf+ZrlywOKU0UDj3ATXUBfxJXA==",
      "dependencies": [
        "ansi-styles",
        "string-width",
        "strip-ansi"
      ]
    },
    "yoctocolors-cjs@2.1.2": {
      "integrity": "sha512-cYVsTjKl8b+FrnidjibDWskAv7UKOfcwaVZdp/it9n1s9fU3IkgDbhdIRKCW4JDsAlECJY0ytoVPT3sK6kideA=="
    }
  },
  "workspace": {
    "dependencies": [
      "jsr:@cliffy/command@^1.0.0-rc.7",
      "jsr:@std/assert@1",
      "npm:@inquirer/prompts@^7.4.0",
      "npm:chalk@^5.4.1",
      "npm:cheerio@1"
    ]
  }
}
